
Microsoft Visual Studio Solution File, Format Version 12.00
# Visual Studio Version 16
VisualStudioVersion = 16.0.30711.63
MinimumVisualStudioVersion = 10.0.40219.1
Project("{9A19103F-16F7-4668-BE54-9A1E7A4F7556}") = "WorkingWithText", "WorkingWithText\WorkingWithText.csproj", "{40DD2EA2-B25B-4798-8EB3-514CCEAAD610}"
EndProject
Project("{9A19103F-16F7-4668-BE54-9A1E7A4F7556}") = "WorkingWithTextTest", "WorkingWithTextTest\WorkingWithTextTest.csproj", "{A4D465CC-DDE2-4663-A0F7-26FF037A4503}"
EndProject
Project("{2150E333-8FDC-42A3-9474-1A3956D46DE8}") = "Solution Items", "Solution Items", "{0B805367-8EFC-49B4-A964-FB496768A1E3}"
	ProjectSection(SolutionItems) = preProject
		.editorconfig = .editorconfig
	EndProjectSection
EndProject
Global
	GlobalSection(SolutionConfigurationPlatforms) = preSolution
		Debug|Any CPU = Debug|Any CPU
		Release|Any CPU = Release|Any CPU
	EndGlobalSection
	GlobalSection(ProjectConfigurationPlatforms) = postSolution
		{40DD2EA2-B25B-4798-8EB3-514CCEAAD610}.Debug|Any CPU.ActiveCfg = Debug|Any CPU
		{40DD2EA2-B25B-4798-8EB3-514CCEAAD610}.Debug|Any CPU.Build.0 = Debug|Any CPU
		{40DD2EA2-B25B-4798-8EB3-514CCEAAD610}.Release|Any CPU.ActiveCfg = Release|Any CPU
		{40DD2EA2-B25B-4798-8EB3-514CCEAAD610}.Release|Any CPU.Build.0 = Release|Any CPU
		{A4D465CC-DDE2-4663-A0F7-26FF037A4503}.Debug|Any CPU.ActiveCfg = Debug|Any CPU
		{A4D465CC-DDE2-4663-A0F7-26FF037A4503}.Debug|Any CPU.Build.0 = Debug|Any CPU
		{A4D465CC-DDE2-4663-A0F7-26FF037A4503}.Release|Any CPU.ActiveCfg = Release|Any CPU
		{A4D465CC-DDE2-4663-A0F7-26FF037A4503}.Release|Any CPU.Build.0 = Release|Any CPU
	EndGlobalSection
	GlobalSection(SolutionProperties) = preSolution
		HideSolutionNode = FALSE
	EndGlobalSection
	GlobalSection(ExtensibilityGlobals) = postSolution
		SolutionGuid = {C3253FEB-FE35-4609-8DC8-DCF716FC5DF3}
	EndGlobalSection
EndGlobal
